# This file is autogenerated, do not edit; changes may be undone by the next 'dep ensure'.


[[projects]]
  branch = "master"
  name = "github.com/onsi/ginkgo"
  packages = [".","config","internal/codelocation","internal/containernode","internal/failer","internal/leafnodes","internal/remote","internal/spec","internal/spec_iterator","internal/specrunner","internal/suite","internal/testingtproxy","internal/writer","reporters","reporters/stenographer","reporters/stenographer/support/go-colorable","reporters/stenographer/support/go-isatty","types"]
  revision = "83438ca4278f2f56757b9ab2cb15dd4f596d84e8"

[[projects]]
  branch = "master"
  name = "github.com/onsi/gomega"
  packages = [".","format","internal/assertion","internal/asyncassertion","internal/oraclematcher","internal/testingtsupport","matchers","matchers/support/goraph/bipartitegraph","matchers/support/goraph/edge","matchers/support/goraph/node","matchers/support/goraph/util","types"]
  revision = "00acfa9d92a386415bd235ab069c52063f925998"

[[projects]]
  branch = "master"
  name = "github.com/russross/blackfriday"
  packages = ["."]
  revision = "0ba0f2b6ed7c475a92e4df8641825cb7a11d1fa3"

[[projects]]
  branch = "master"
  name = "github.com/tdewolff/buffer"
  packages = ["."]
  revision = "df6253e2a2cda5aba1b5d0c59fc5bdf0a98ae192"

[[projects]]
  branch = "master"
  name = "github.com/tdewolff/minify"
  packages = [".","html"]
  revision = "2d28d6e43c68537a32f9b835a89d5038ebcb6ec9"

[[projects]]
  branch = "master"
  name = "github.com/tdewolff/parse"
  packages = [".","html"]
  revision = "e3d09bbcbf6d7721468bbe5deb35fe71da57d0f3"

[[projects]]
  branch = "master"
  name = "github.com/tdewolff/strconv"
  packages = ["."]
  revision = "3e8091f4417ebaaa3910da63a45ea394ebbfb0e3"

[[projects]]
  branch = "master"
  name = "github.com/wellington/go-libsass"
  packages = [".","libs"]
  revision = "70e55d4c8433334142a94120c8b3fbccd0a0af25"

[[projects]]
  branch = "master"
  name = "golang.org/x/net"
  packages = ["context","html","html/atom","html/charset"]
  revision = "48359f4f600b3a2d5cf657458e3f940021631a56"

[[projects]]
  branch = "master"
  name = "golang.org/x/sys"
  packages = ["unix"]
  revision = "fb4cac33e3196ff7f507ab9b2d2a44b0142f5b5a"

[[projects]]
  branch = "master"
  name = "golang.org/x/text"
  packages = ["encoding","encoding/charmap","encoding/htmlindex","encoding/internal","encoding/internal/identifier","encoding/japanese","encoding/korean","encoding/simplifiedchinese","encoding/traditionalchinese","encoding/unicode","internal/gen","internal/tag","internal/utf8internal","language","runes","transform","unicode/cldr"]
  revision = "19e51611da83d6be54ddafce4a4af510cb3e9ea4"

[[projects]]
  branch = "v2"
  name = "gopkg.in/yaml.v2"
  packages = ["."]
  revision = "cd8b52f8269e0feb286dfeef29f8fe4d5b397e0b"

[solve-meta]
  analyzer-name = "dep"
  analyzer-version = 1
  inputs-digest = "ef96e95e9fae58d9fc7fe52e8490cb9a514d8264cf54df5207d5ea238e318f8c"
  solver-name = "gps-cdcl"
  solver-version = 1
